
Microsoft Visual Studio Solution File, Format Version 12.00
# Visual Studio Version 16
VisualStudioVersion = 16.0.31019.35
MinimumVisualStudioVersion = 10.0.40219.1
Project("{FAE04EC0-301F-11D3-BF4B-00C04F79EFBC}") = "Lab04_Interfejsy", "Lab04_Interfejsy.csproj", "{BBFF94A3-58EA-4618-8841-B4F0EFAEEE10}"
EndProject
Global
	GlobalSection(SolutionConfigurationPlatforms) = preSolution
		Debug|Any CPU = Debug|Any CPU
		Release|Any CPU = Release|Any CPU
	EndGlobalSection
	GlobalSection(ProjectConfigurationPlatforms) = postSolution
		{BBFF94A3-58EA-4618-8841-B4F0EFAEEE10}.Debug|Any CPU.ActiveCfg = Debug|Any CPU
		{BBFF94A3-58EA-4618-8841-B4F0EFAEEE10}.Debug|Any CPU.Build.0 = Debug|Any CPU
		{BBFF94A3-58EA-4618-8841-B4F0EFAEEE10}.Release|Any CPU.ActiveCfg = Release|Any CPU
		{BBFF94A3-58EA-4618-8841-B4F0EFAEEE10}.Release|Any CPU.Build.0 = Release|Any CPU
	EndGlobalSection
	GlobalSection(SolutionProperties) = preSolution
		HideSolutionNode = FALSE
	EndGlobalSection
	GlobalSection(ExtensibilityGlobals) = postSolution
		SolutionGuid = {C0C3F7C5-4B60-4C76-893D-BC1BE3023369}
	EndGlobalSection
EndGlobal
